
Microsoft Visual Studio Solution File, Format Version 12.00
# Visual Studio Version 17
VisualStudioVersion = 17.7.34031.279
MinimumVisualStudioVersion = 10.0.40219.1
Project("{9A19103F-16F7-4668-BE54-9A1E7A4F7556}") = "ContactControl", "ContactControll\ContactControl.csproj", "{1B91EB46-3EC8-49A8-98AA-C29F54F19891}"
EndProject
Global
	GlobalSection(SolutionConfigurationPlatforms) = preSolution
		Debug|Any CPU = Debug|Any CPU
		Release|Any CPU = Release|Any CPU
	EndGlobalSection
	GlobalSection(ProjectConfigurationPlatforms) = postSolution
		{1B91EB46-3EC8-49A8-98AA-C29F54F19891}.Debug|Any CPU.ActiveCfg = Debug|Any CPU
		{1B91EB46-3EC8-49A8-98AA-C29F54F19891}.Debug|Any CPU.Build.0 = Debug|Any CPU
		{1B91EB46-3EC8-49A8-98AA-C29F54F19891}.Release|Any CPU.ActiveCfg = Release|Any CPU
		{1B91EB46-3EC8-49A8-98AA-C29F54F19891}.Release|Any CPU.Build.0 = Release|Any CPU
	EndGlobalSection
	GlobalSection(SolutionProperties) = preSolution
		HideSolutionNode = FALSE
	EndGlobalSection
	GlobalSection(ExtensibilityGlobals) = postSolution
		SolutionGuid = {58C4358F-DD13-405F-8A66-D950E9A66645}
	EndGlobalSection
EndGlobal
